
Microsoft Visual Studio Solution File, Format Version 12.00
# Visual Studio Version 17
VisualStudioVersion = 17.0.32014.148
MinimumVisualStudioVersion = 10.0.40219.1
Project("{FAE04EC0-301F-11D3-BF4B-00C04F79EFBC}") = "20_Events", "20_Events.csproj", "{21D1907F-7169-4B25-82BE-E5AFD497F930}"
EndProject
Global
	GlobalSection(SolutionConfigurationPlatforms) = preSolution
		Debug|Any CPU = Debug|Any CPU
		Release|Any CPU = Release|Any CPU
	EndGlobalSection
	GlobalSection(ProjectConfigurationPlatforms) = postSolution
		{21D1907F-7169-4B25-82BE-E5AFD497F930}.Debug|Any CPU.ActiveCfg = Debug|Any CPU
		{21D1907F-7169-4B25-82BE-E5AFD497F930}.Debug|Any CPU.Build.0 = Debug|Any CPU
		{21D1907F-7169-4B25-82BE-E5AFD497F930}.Release|Any CPU.ActiveCfg = Release|Any CPU
		{21D1907F-7169-4B25-82BE-E5AFD497F930}.Release|Any CPU.Build.0 = Release|Any CPU
	EndGlobalSection
	GlobalSection(SolutionProperties) = preSolution
		HideSolutionNode = FALSE
	EndGlobalSection
	GlobalSection(ExtensibilityGlobals) = postSolution
		SolutionGuid = {1CF6C162-870D-4CF0-896B-FC07E4FEA898}
	EndGlobalSection
EndGlobal
