
Microsoft Visual Studio Solution File, Format Version 12.00
# Visual Studio Version 17
VisualStudioVersion = 17.0.32014.148
MinimumVisualStudioVersion = 10.0.40219.1
Project("{FAE04EC0-301F-11D3-BF4B-00C04F79EFBC}") = "17_LINQ", "17_LINQ.csproj", "{B582B1CF-7DAD-4904-9A9E-6F52B3313D7E}"
EndProject
Global
	GlobalSection(SolutionConfigurationPlatforms) = preSolution
		Debug|Any CPU = Debug|Any CPU
		Release|Any CPU = Release|Any CPU
	EndGlobalSection
	GlobalSection(ProjectConfigurationPlatforms) = postSolution
		{B582B1CF-7DAD-4904-9A9E-6F52B3313D7E}.Debug|Any CPU.ActiveCfg = Debug|Any CPU
		{B582B1CF-7DAD-4904-9A9E-6F52B3313D7E}.Debug|Any CPU.Build.0 = Debug|Any CPU
		{B582B1CF-7DAD-4904-9A9E-6F52B3313D7E}.Release|Any CPU.ActiveCfg = Release|Any CPU
		{B582B1CF-7DAD-4904-9A9E-6F52B3313D7E}.Release|Any CPU.Build.0 = Release|Any CPU
	EndGlobalSection
	GlobalSection(SolutionProperties) = preSolution
		HideSolutionNode = FALSE
	EndGlobalSection
	GlobalSection(ExtensibilityGlobals) = postSolution
		SolutionGuid = {53D0403E-D588-4B5F-BFE6-6440C6F8CBB7}
	EndGlobalSection
EndGlobal
