
Microsoft Visual Studio Solution File, Format Version 12.00
# Visual Studio Version 17
VisualStudioVersion = 17.0.32014.148
MinimumVisualStudioVersion = 10.0.40219.1
Project("{FAE04EC0-301F-11D3-BF4B-00C04F79EFBC}") = "19_Exception_Handling", "19_Exception_Handling.csproj", "{6DB1ECA3-7EEA-4AFC-B4DC-45B1C07B00DE}"
EndProject
Global
	GlobalSection(SolutionConfigurationPlatforms) = preSolution
		Debug|Any CPU = Debug|Any CPU
		Release|Any CPU = Release|Any CPU
	EndGlobalSection
	GlobalSection(ProjectConfigurationPlatforms) = postSolution
		{6DB1ECA3-7EEA-4AFC-B4DC-45B1C07B00DE}.Debug|Any CPU.ActiveCfg = Debug|Any CPU
		{6DB1ECA3-7EEA-4AFC-B4DC-45B1C07B00DE}.Debug|Any CPU.Build.0 = Debug|Any CPU
		{6DB1ECA3-7EEA-4AFC-B4DC-45B1C07B00DE}.Release|Any CPU.ActiveCfg = Release|Any CPU
		{6DB1ECA3-7EEA-4AFC-B4DC-45B1C07B00DE}.Release|Any CPU.Build.0 = Release|Any CPU
	EndGlobalSection
	GlobalSection(SolutionProperties) = preSolution
		HideSolutionNode = FALSE
	EndGlobalSection
	GlobalSection(ExtensibilityGlobals) = postSolution
		SolutionGuid = {7C153D7D-2F2D-4526-9D7B-F9BA67C84CD1}
	EndGlobalSection
EndGlobal
